
Microsoft Visual Studio Solution File, Format Version 12.00
# Visual Studio 15
VisualStudioVersion = 15.0.27703.2035
MinimumVisualStudioVersion = 10.0.40219.1
Project("{2150E333-8FDC-42A3-9474-1A3956D46DE8}") = "Creational", "Creational", "{CE18503D-644B-4405-B273-BFED82C10797}"
EndProject
Project("{FAE04EC0-301F-11D3-BF4B-00C04F79EFBC}") = "CreationalPatterns", "CreationalPatterns\CreationalPatterns.csproj", "{F996C55D-992D-402D-997F-A10AAF07EF30}"
EndProject
Project("{FAE04EC0-301F-11D3-BF4B-00C04F79EFBC}") = "CreationalPatternsRunner", "CreationalPatternsRunner\CreationalPatternsRunner.csproj", "{8331C169-9A38-457A-97E9-112B76BCC712}"
EndProject
Global
	GlobalSection(SolutionConfigurationPlatforms) = preSolution
		Debug|Any CPU = Debug|Any CPU
		Release|Any CPU = Release|Any CPU
	EndGlobalSection
	GlobalSection(ProjectConfigurationPlatforms) = postSolution
		{F996C55D-992D-402D-997F-A10AAF07EF30}.Debug|Any CPU.ActiveCfg = Debug|Any CPU
		{F996C55D-992D-402D-997F-A10AAF07EF30}.Debug|Any CPU.Build.0 = Debug|Any CPU
		{F996C55D-992D-402D-997F-A10AAF07EF30}.Release|Any CPU.ActiveCfg = Release|Any CPU
		{F996C55D-992D-402D-997F-A10AAF07EF30}.Release|Any CPU.Build.0 = Release|Any CPU
		{8331C169-9A38-457A-97E9-112B76BCC712}.Debug|Any CPU.ActiveCfg = Debug|Any CPU
		{8331C169-9A38-457A-97E9-112B76BCC712}.Debug|Any CPU.Build.0 = Debug|Any CPU
		{8331C169-9A38-457A-97E9-112B76BCC712}.Release|Any CPU.ActiveCfg = Release|Any CPU
		{8331C169-9A38-457A-97E9-112B76BCC712}.Release|Any CPU.Build.0 = Release|Any CPU
	EndGlobalSection
	GlobalSection(SolutionProperties) = preSolution
		HideSolutionNode = FALSE
	EndGlobalSection
	GlobalSection(ExtensibilityGlobals) = postSolution
		SolutionGuid = {B3925F2C-371F-4E4D-9A9D-386729A7888F}
	EndGlobalSection
EndGlobal
